
Microsoft Visual Studio Solution File, Format Version 12.00
# Visual Studio 11
Project("{FAE04EC0-301F-11D3-BF4B-00C04F79EFBC}") = "EWorm", "EWorm\EWorm.csproj", "{C17B57F3-283D-466E-89E8-1ADFEDB50248}"
EndProject
Project("{FAE04EC0-301F-11D3-BF4B-00C04F79EFBC}") = "EWorm.Model", "EWorm.Model\EWorm.Model.csproj", "{DE87B604-1A8F-428A-A865-073F0F83753D}"
EndProject
Project("{FAE04EC0-301F-11D3-BF4B-00C04F79EFBC}") = "EWorm.Crawler", "EWorm.Crawler\EWorm.Crawler.csproj", "{169AF643-C55E-4053-9F9D-FF597B3E11F7}"
EndProject
Project("{FAE04EC0-301F-11D3-BF4B-00C04F79EFBC}") = "EWorm.UI", "EWorm.UI\EWorm.UI.csproj", "{05D50D00-DE78-4388-B5AE-345B8381F719}"
EndProject
Project("{FAE04EC0-301F-11D3-BF4B-00C04F79EFBC}") = "EWorm.Analysis", "EWorm.Analysis\EWorm.Analysis.csproj", "{68933AED-1400-4363-97CC-C7E0DA57E248}"
EndProject
Project("{FAE04EC0-301F-11D3-BF4B-00C04F79EFBC}") = "EWorm.ConsoleTester", "EWorm.ConsoleTester\EWorm.ConsoleTester.csproj", "{AE87D178-9232-405E-A143-6BEEC5FC7ED6}"
EndProject
Global
	GlobalSection(SolutionConfigurationPlatforms) = preSolution
		Debug|Any CPU = Debug|Any CPU
		Debug|Mixed Platforms = Debug|Mixed Platforms
		Debug|x86 = Debug|x86
		Release|Any CPU = Release|Any CPU
		Release|Mixed Platforms = Release|Mixed Platforms
		Release|x86 = Release|x86
	EndGlobalSection
	GlobalSection(ProjectConfigurationPlatforms) = postSolution
		{05D50D00-DE78-4388-B5AE-345B8381F719}.Debug|Any CPU.ActiveCfg = Debug|Any CPU
		{05D50D00-DE78-4388-B5AE-345B8381F719}.Debug|Any CPU.Build.0 = Debug|Any CPU
		{05D50D00-DE78-4388-B5AE-345B8381F719}.Debug|Mixed Platforms.ActiveCfg = Debug|Any CPU
		{05D50D00-DE78-4388-B5AE-345B8381F719}.Debug|Mixed Platforms.Build.0 = Debug|Any CPU
		{05D50D00-DE78-4388-B5AE-345B8381F719}.Debug|x86.ActiveCfg = Debug|Any CPU
		{05D50D00-DE78-4388-B5AE-345B8381F719}.Release|Any CPU.ActiveCfg = Release|Any CPU
		{05D50D00-DE78-4388-B5AE-345B8381F719}.Release|Any CPU.Build.0 = Release|Any CPU
		{05D50D00-DE78-4388-B5AE-345B8381F719}.Release|Mixed Platforms.ActiveCfg = Release|Any CPU
		{05D50D00-DE78-4388-B5AE-345B8381F719}.Release|Mixed Platforms.Build.0 = Release|Any CPU
		{05D50D00-DE78-4388-B5AE-345B8381F719}.Release|x86.ActiveCfg = Release|Any CPU
		{169AF643-C55E-4053-9F9D-FF597B3E11F7}.Debug|Any CPU.ActiveCfg = Debug|Any CPU
		{169AF643-C55E-4053-9F9D-FF597B3E11F7}.Debug|Any CPU.Build.0 = Debug|Any CPU
		{169AF643-C55E-4053-9F9D-FF597B3E11F7}.Debug|Mixed Platforms.ActiveCfg = Debug|Any CPU
		{169AF643-C55E-4053-9F9D-FF597B3E11F7}.Debug|Mixed Platforms.Build.0 = Debug|Any CPU
		{169AF643-C55E-4053-9F9D-FF597B3E11F7}.Debug|x86.ActiveCfg = Debug|Any CPU
		{169AF643-C55E-4053-9F9D-FF597B3E11F7}.Release|Any CPU.ActiveCfg = Release|Any CPU
		{169AF643-C55E-4053-9F9D-FF597B3E11F7}.Release|Any CPU.Build.0 = Release|Any CPU
		{169AF643-C55E-4053-9F9D-FF597B3E11F7}.Release|Mixed Platforms.ActiveCfg = Release|Any CPU
		{169AF643-C55E-4053-9F9D-FF597B3E11F7}.Release|Mixed Platforms.Build.0 = Release|Any CPU
		{169AF643-C55E-4053-9F9D-FF597B3E11F7}.Release|x86.ActiveCfg = Release|Any CPU
		{68933AED-1400-4363-97CC-C7E0DA57E248}.Debug|Any CPU.ActiveCfg = Debug|Any CPU
		{68933AED-1400-4363-97CC-C7E0DA57E248}.Debug|Any CPU.Build.0 = Debug|Any CPU
		{68933AED-1400-4363-97CC-C7E0DA57E248}.Debug|Mixed Platforms.ActiveCfg = Debug|Any CPU
		{68933AED-1400-4363-97CC-C7E0DA57E248}.Debug|Mixed Platforms.Build.0 = Debug|Any CPU
		{68933AED-1400-4363-97CC-C7E0DA57E248}.Debug|x86.ActiveCfg = Debug|Any CPU
		{68933AED-1400-4363-97CC-C7E0DA57E248}.Release|Any CPU.ActiveCfg = Release|Any CPU
		{68933AED-1400-4363-97CC-C7E0DA57E248}.Release|Any CPU.Build.0 = Release|Any CPU
		{68933AED-1400-4363-97CC-C7E0DA57E248}.Release|Mixed Platforms.ActiveCfg = Release|Any CPU
		{68933AED-1400-4363-97CC-C7E0DA57E248}.Release|Mixed Platforms.Build.0 = Release|Any CPU
		{68933AED-1400-4363-97CC-C7E0DA57E248}.Release|x86.ActiveCfg = Release|Any CPU
		{AE87D178-9232-405E-A143-6BEEC5FC7ED6}.Debug|Any CPU.ActiveCfg = Debug|x86
		{AE87D178-9232-405E-A143-6BEEC5FC7ED6}.Debug|Mixed Platforms.ActiveCfg = Debug|x86
		{AE87D178-9232-405E-A143-6BEEC5FC7ED6}.Debug|Mixed Platforms.Build.0 = Debug|x86
		{AE87D178-9232-405E-A143-6BEEC5FC7ED6}.Debug|x86.ActiveCfg = Debug|x86
		{AE87D178-9232-405E-A143-6BEEC5FC7ED6}.Debug|x86.Build.0 = Debug|x86
		{AE87D178-9232-405E-A143-6BEEC5FC7ED6}.Release|Any CPU.ActiveCfg = Release|x86
		{AE87D178-9232-405E-A143-6BEEC5FC7ED6}.Release|Mixed Platforms.ActiveCfg = Release|x86
		{AE87D178-9232-405E-A143-6BEEC5FC7ED6}.Release|Mixed Platforms.Build.0 = Release|x86
		{AE87D178-9232-405E-A143-6BEEC5FC7ED6}.Release|x86.ActiveCfg = Release|x86
		{AE87D178-9232-405E-A143-6BEEC5FC7ED6}.Release|x86.Build.0 = Release|x86
		{C17B57F3-283D-466E-89E8-1ADFEDB50248}.Debug|Any CPU.ActiveCfg = Debug|Any CPU
		{C17B57F3-283D-466E-89E8-1ADFEDB50248}.Debug|Any CPU.Build.0 = Debug|Any CPU
		{C17B57F3-283D-466E-89E8-1ADFEDB50248}.Debug|Mixed Platforms.ActiveCfg = Debug|Any CPU
		{C17B57F3-283D-466E-89E8-1ADFEDB50248}.Debug|Mixed Platforms.Build.0 = Debug|Any CPU
		{C17B57F3-283D-466E-89E8-1ADFEDB50248}.Debug|x86.ActiveCfg = Debug|Any CPU
		{C17B57F3-283D-466E-89E8-1ADFEDB50248}.Release|Any CPU.ActiveCfg = Release|Any CPU
		{C17B57F3-283D-466E-89E8-1ADFEDB50248}.Release|Any CPU.Build.0 = Release|Any CPU
		{C17B57F3-283D-466E-89E8-1ADFEDB50248}.Release|Mixed Platforms.ActiveCfg = Release|Any CPU
		{C17B57F3-283D-466E-89E8-1ADFEDB50248}.Release|Mixed Platforms.Build.0 = Release|Any CPU
		{C17B57F3-283D-466E-89E8-1ADFEDB50248}.Release|x86.ActiveCfg = Release|Any CPU
		{DE87B604-1A8F-428A-A865-073F0F83753D}.Debug|Any CPU.ActiveCfg = Debug|Any CPU
		{DE87B604-1A8F-428A-A865-073F0F83753D}.Debug|Any CPU.Build.0 = Debug|Any CPU
		{DE87B604-1A8F-428A-A865-073F0F83753D}.Debug|Mixed Platforms.ActiveCfg = Debug|Any CPU
		{DE87B604-1A8F-428A-A865-073F0F83753D}.Debug|Mixed Platforms.Build.0 = Debug|Any CPU
		{DE87B604-1A8F-428A-A865-073F0F83753D}.Debug|x86.ActiveCfg = Debug|Any CPU
		{DE87B604-1A8F-428A-A865-073F0F83753D}.Release|Any CPU.ActiveCfg = Release|Any CPU
		{DE87B604-1A8F-428A-A865-073F0F83753D}.Release|Any CPU.Build.0 = Release|Any CPU
		{DE87B604-1A8F-428A-A865-073F0F83753D}.Release|Mixed Platforms.ActiveCfg = Release|Any CPU
		{DE87B604-1A8F-428A-A865-073F0F83753D}.Release|Mixed Platforms.Build.0 = Release|Any CPU
		{DE87B604-1A8F-428A-A865-073F0F83753D}.Release|x86.ActiveCfg = Release|Any CPU
	EndGlobalSection
	GlobalSection(SolutionProperties) = preSolution
		HideSolutionNode = FALSE
	EndGlobalSection
	GlobalSection(SubversionScc) = preSolution
		Manager = AnkhSVN - Subversion Support for Visual Studio
		Svn-Managed = True
	EndGlobalSection
EndGlobal
